<?xml version="1.0" encoding="utf-8"?>
<Project ToolsVersion="4.0" xmlns="http://schemas.microsoft.com/developer/msbuild/2003">
  <ItemGroup>
    <Filter Include="源文件">
      <UniqueIdentifier>{4FC737F1-C7A5-4376-A066-2A32D752A2FF}</UniqueIdentifier>
      <Extensions>cpp;c;cc;cxx;def;odl;idl;hpj;bat;asm;asmx</Extensions>
    </Filter>
    <Filter Include="头文件">
      <UniqueIdentifier>{93995380-89BD-4b04-88EB-625FBE52EBFB}</UniqueIdentifier>
      <Extensions>h;hh;hpp;hxx;hm;inl;inc;ipp;xsd</Extensions>
    </Filter>
    <Filter Include="资源文件">
      <UniqueIdentifier>{67DA6AB6-F800-4c08-8B7A-83BB121AAD01}</UniqueIdentifier>
      <Extensions>rc;ico;cur;bmp;dlg;rc2;rct;bin;rgs;gif;jpg;jpeg;jpe;resx;tiff;tif;png;wav;mfcribbon-ms</Extensions>
    </Filter>
    <Filter Include="Utils">
      <UniqueIdentifier>{42a13b6c-7570-4bb8-a200-844c9561c5fe}</UniqueIdentifier>
    </Filter>
    <Filter Include="Base">
      <UniqueIdentifier>{1b880801-71dd-41fa-92f1-e2ee86d2be5c}</UniqueIdentifier>
    </Filter>
    <Filter Include="Examples">
      <UniqueIdentifier>{8e334036-f5e6-4f26-84e3-2db4f13e121c}</UniqueIdentifier>
    </Filter>
    <Filter Include="Base\interface">
      <UniqueIdentifier>{ba657717-2601-4b33-a359-abc67632263a}</UniqueIdentifier>
    </Filter>
    <Filter Include="Base\CompGlfwImpl">
      <UniqueIdentifier>{1cded8f4-35df-4fb8-9bf7-6b5190c97b2c}</UniqueIdentifier>
    </Filter>
    <Filter Include="Shape">
      <UniqueIdentifier>{3bc496ed-7b8d-4e96-a442-7343f9625dda}</UniqueIdentifier>
    </Filter>
    <Filter Include="Render">
      <UniqueIdentifier>{7d2198b6-9571-4a1b-8936-d7cd953707b8}</UniqueIdentifier>
    </Filter>
    <Filter Include="Render\ShaderSources">
      <UniqueIdentifier>{f26f5c38-a218-487f-80e2-3d506f14153e}</UniqueIdentifier>
    </Filter>
  </ItemGroup>
  <ItemGroup>
    <ClCompile Include="main.cpp">
      <Filter>源文件</Filter>
    </ClCompile>
    <ClCompile Include="..\thirdpart\src\glad.c">
      <Filter>源文件</Filter>
    </ClCompile>
    <ClCompile Include="Utils\LogUtil.cpp">
      <Filter>Utils</Filter>
    </ClCompile>
    <ClCompile Include="Examples\Triangle.cpp">
      <Filter>Examples</Filter>
    </ClCompile>
    <ClCompile Include="Utils\FileUtil.cpp">
      <Filter>Utils</Filter>
    </ClCompile>
    <ClCompile Include="Base\ProjetConfig.hpp">
      <Filter>Base</Filter>
    </ClCompile>
    <ClCompile Include="Examples\ColorTriangle.cpp">
      <Filter>Examples</Filter>
    </ClCompile>
    <ClCompile Include="Examples\Ex1_1.cpp">
      <Filter>Examples</Filter>
    </ClCompile>
    <ClCompile Include="Examples\Ex2_1.cpp">
      <Filter>Examples</Filter>
    </ClCompile>
    <ClCompile Include="Examples\Ex2_2.cpp">
      <Filter>Examples</Filter>
    </ClCompile>
    <ClCompile Include="Base\ResourceLoader.cpp">
      <Filter>Base</Filter>
    </ClCompile>
    <ClCompile Include="Examples\Ex3_1.cpp">
      <Filter>Examples</Filter>
    </ClCompile>
    <ClCompile Include="Examples\Ex3_2.cpp">
      <Filter>Examples</Filter>
    </ClCompile>
    <ClCompile Include="Examples\FaceBox.cpp">
      <Filter>Examples</Filter>
    </ClCompile>
    <ClCompile Include="Base\Image.cpp">
      <Filter>Base</Filter>
    </ClCompile>
    <ClCompile Include="Base\CompGlfwImpl\GLFWTimer.cpp">
      <Filter>Base\CompGlfwImpl</Filter>
    </ClCompile>
    <ClCompile Include="Base\CompGlfwImpl\GLFWInputController.cpp">
      <Filter>Base\CompGlfwImpl</Filter>
    </ClCompile>
    <ClCompile Include="Examples\Ex_Lighting.cpp">
      <Filter>Examples</Filter>
    </ClCompile>
    <ClCompile Include="Base\World.cpp">
      <Filter>Base</Filter>
    </ClCompile>
    <ClCompile Include="Examples\Ex_Lighting_Tex.cpp">
      <Filter>Examples</Filter>
    </ClCompile>
    <ClCompile Include="Examples\Ex_Lighting_Cast.cpp">
      <Filter>Examples</Filter>
    </ClCompile>
    <ClCompile Include="Utils\InIReader.cpp">
      <Filter>Utils</Filter>
    </ClCompile>
    <ClCompile Include="Utils\StringUtil.cpp">
      <Filter>Utils</Filter>
    </ClCompile>
    <ClCompile Include="Examples\Ex_Cyclender.cpp">
      <Filter>Examples</Filter>
    </ClCompile>
    <ClCompile Include="Utils\ScreenViewUtil.cpp">
      <Filter>Utils</Filter>
    </ClCompile>
    <ClCompile Include="Examples\Ex_DynamicPolygon.cpp">
      <Filter>Examples</Filter>
    </ClCompile>
    <ClCompile Include="Base\Model.cpp">
      <Filter>Base</Filter>
    </ClCompile>
    <ClCompile Include="Examples\Ex_ModelImport.cpp">
      <Filter>Examples</Filter>
    </ClCompile>
    <ClCompile Include="Examples\Ex_DepthTest.cpp">
      <Filter>Examples</Filter>
    </ClCompile>
    <ClCompile Include="Examples\Ex_StencilTest.cpp">
      <Filter>Examples</Filter>
    </ClCompile>
    <ClCompile Include="Examples\ExampleFactory.cpp">
      <Filter>Examples</Filter>
    </ClCompile>
    <ClCompile Include="Examples\Ex_Blending.cpp">
      <Filter>Examples</Filter>
    </ClCompile>
    <ClCompile Include="Examples\Ex_FrameBuffer.cpp">
      <Filter>Examples</Filter>
    </ClCompile>
    <ClCompile Include="Shape\Cube.cpp">
      <Filter>Shape</Filter>
    </ClCompile>
    <ClCompile Include="Shape\Plane.cpp">
      <Filter>Shape</Filter>
    </ClCompile>
    <ClCompile Include="Shape\WorldIndicator.cpp">
      <Filter>Shape</Filter>
    </ClCompile>
    <ClCompile Include="Examples\Ex_Skybox.cpp">
      <Filter>Examples</Filter>
    </ClCompile>
    <ClCompile Include="Render\Renderer.cpp">
      <Filter>Render</Filter>
    </ClCompile>
    <ClCompile Include="Render\ScreenRenderer.cpp">
      <Filter>Render</Filter>
    </ClCompile>
    <ClCompile Include="Render\Shader.cpp">
      <Filter>Render</Filter>
    </ClCompile>
    <ClCompile Include="Render\Skybox.cpp">
      <Filter>Render</Filter>
    </ClCompile>
    <ClCompile Include="Render\ShaderSources\ShaderSources.cpp">
      <Filter>Render\ShaderSources</Filter>
    </ClCompile>
    <ClCompile Include="Examples\Ex_EnvReflectAndRefract.cpp">
      <Filter>Examples</Filter>
    </ClCompile>
  </ItemGroup>
  <ItemGroup>
    <None Include="..\README.MD" />
    <None Include="Render\ShaderSources\fragment_base.frag">
      <Filter>Render\ShaderSources</Filter>
    </None>
    <None Include="Render\ShaderSources\fragment_base_tex.frag">
      <Filter>Render\ShaderSources</Filter>
    </None>
    <None Include="Render\ShaderSources\fragment_base_tex2.frag">
      <Filter>Render\ShaderSources</Filter>
    </None>
    <None Include="Render\ShaderSources\fragment_pcolor.frag">
      <Filter>Render\ShaderSources</Filter>
    </None>
    <None Include="Render\ShaderSources\fragment_pcolor_tex.frag">
      <Filter>Render\ShaderSources</Filter>
    </None>
    <None Include="Render\ShaderSources\vertex_base.vert">
      <Filter>Render\ShaderSources</Filter>
    </None>
    <None Include="Render\ShaderSources\vertex_base_tex_mvp.vert">
      <Filter>Render\ShaderSources</Filter>
    </None>
    <None Include="Render\ShaderSources\vertex_pcolor.vert">
      <Filter>Render\ShaderSources</Filter>
    </None>
    <None Include="Render\ShaderSources\vertex_pcolor_tex.vert">
      <Filter>Render\ShaderSources</Filter>
    </None>
    <None Include="Render\ShaderSources\vertex_pcolor_tex_mvp.vert">
      <Filter>Render\ShaderSources</Filter>
    </None>
  </ItemGroup>
  <ItemGroup>
    <ClInclude Include="Utils\LogUtil.h">
      <Filter>Utils</Filter>
    </ClInclude>
    <ClInclude Include="Base\Singleton.h">
      <Filter>Base</Filter>
    </ClInclude>
    <ClInclude Include="Examples\Triangle.h">
      <Filter>Examples</Filter>
    </ClInclude>
    <ClInclude Include="Utils\FileUtil.h">
      <Filter>Utils</Filter>
    </ClInclude>
    <ClInclude Include="CommonHeader.h">
      <Filter>头文件</Filter>
    </ClInclude>
    <ClInclude Include="Examples\ColorTriangle.h">
      <Filter>Examples</Filter>
    </ClInclude>
    <ClInclude Include="Macro.h">
      <Filter>头文件</Filter>
    </ClInclude>
    <ClInclude Include="Examples\Ex1_1.h">
      <Filter>Examples</Filter>
    </ClInclude>
    <ClInclude Include="Utils\GLEnvInfo.hpp">
      <Filter>Utils</Filter>
    </ClInclude>
    <ClInclude Include="GLEnvHeader.h">
      <Filter>头文件</Filter>
    </ClInclude>
    <ClInclude Include="Examples\Ex2_1.h">
      <Filter>Examples</Filter>
    </ClInclude>
    <ClInclude Include="Examples\Ex2_2.h">
      <Filter>Examples</Filter>
    </ClInclude>
    <ClInclude Include="Base\ResourceLoader.h">
      <Filter>Base</Filter>
    </ClInclude>
    <ClInclude Include="Examples\Ex3_1.h">
      <Filter>Examples</Filter>
    </ClInclude>
    <ClInclude Include="Examples\Ex3_2.h">
      <Filter>Examples</Filter>
    </ClInclude>
    <ClInclude Include="Base\BaseStruct.hpp">
      <Filter>Base</Filter>
    </ClInclude>
    <ClInclude Include="Examples\FaceBox.h">
      <Filter>Examples</Filter>
    </ClInclude>
    <ClInclude Include="Base\Camera.hpp">
      <Filter>Base</Filter>
    </ClInclude>
    <ClInclude Include="Base\ProjetInit.hpp">
      <Filter>Base</Filter>
    </ClInclude>
    <ClInclude Include="Base\Image.h">
      <Filter>Base</Filter>
    </ClInclude>
    <ClInclude Include="Base\interface\ITimer.h">
      <Filter>Base\interface</Filter>
    </ClInclude>
    <ClInclude Include="Base\AbstractInputController.h">
      <Filter>Base</Filter>
    </ClInclude>
    <ClInclude Include="Base\CompGlfwImpl\GLFWTimer.h">
      <Filter>Base\CompGlfwImpl</Filter>
    </ClInclude>
    <ClInclude Include="Base\CompGlfwImpl\GLFWInputController.h">
      <Filter>Base\CompGlfwImpl</Filter>
    </ClInclude>
    <ClInclude Include="Examples\Ex_Lighting.h">
      <Filter>Examples</Filter>
    </ClInclude>
    <ClInclude Include="CommonData.h">
      <Filter>头文件</Filter>
    </ClInclude>
    <ClInclude Include="Base\World.h">
      <Filter>Base</Filter>
    </ClInclude>
    <ClInclude Include="Examples\Ex_Lighting_Tex.h">
      <Filter>Examples</Filter>
    </ClInclude>
    <ClInclude Include="Examples\Ex_Lighting_Cast.h">
      <Filter>Examples</Filter>
    </ClInclude>
    <ClInclude Include="Utils\InIReader.h">
      <Filter>Utils</Filter>
    </ClInclude>
    <ClInclude Include="Utils\StringUtil.h">
      <Filter>Utils</Filter>
    </ClInclude>
    <ClInclude Include="Examples\Ex_Cyclender.h">
      <Filter>Examples</Filter>
    </ClInclude>
    <ClInclude Include="Utils\ScreenViewUtil.h">
      <Filter>Utils</Filter>
    </ClInclude>
    <ClInclude Include="Examples\Ex_DynamicPolygon.h">
      <Filter>Examples</Filter>
    </ClInclude>
    <ClInclude Include="Base\Model.h">
      <Filter>Base</Filter>
    </ClInclude>
    <ClInclude Include="Examples\Ex_ModelImport.h">
      <Filter>Examples</Filter>
    </ClInclude>
    <ClInclude Include="Examples\Ex_DepthTest.h">
      <Filter>Examples</Filter>
    </ClInclude>
    <ClInclude Include="Examples\ExampleInit.h">
      <Filter>Examples</Filter>
    </ClInclude>
    <ClInclude Include="Examples\ExampleCommomHeader.h">
      <Filter>Examples</Filter>
    </ClInclude>
    <ClInclude Include="Examples\Ex_StencilTest.h">
      <Filter>Examples</Filter>
    </ClInclude>
    <ClInclude Include="Examples\ExampleFactory.h">
      <Filter>Examples</Filter>
    </ClInclude>
    <ClInclude Include="Examples\Ex_Blending.h">
      <Filter>Examples</Filter>
    </ClInclude>
    <ClInclude Include="Examples\Ex_FrameBuffer.h">
      <Filter>Examples</Filter>
    </ClInclude>
    <ClInclude Include="Shape\Cube.h">
      <Filter>Shape</Filter>
    </ClInclude>
    <ClInclude Include="Shape\Plane.h">
      <Filter>Shape</Filter>
    </ClInclude>
    <ClInclude Include="Shape\WorldIndicator.h">
      <Filter>Shape</Filter>
    </ClInclude>
    <ClInclude Include="Examples\Ex_Skybox.h">
      <Filter>Examples</Filter>
    </ClInclude>
    <ClInclude Include="Render\Renderer.h">
      <Filter>Render</Filter>
    </ClInclude>
    <ClInclude Include="Render\ScreenRenderer.h">
      <Filter>Render</Filter>
    </ClInclude>
    <ClInclude Include="Render\Shader.h">
      <Filter>Render</Filter>
    </ClInclude>
    <ClInclude Include="Render\Skybox.h">
      <Filter>Render</Filter>
    </ClInclude>
    <ClInclude Include="Render\ShaderSources\ShaderSources.h">
      <Filter>Render\ShaderSources</Filter>
    </ClInclude>
    <ClInclude Include="Examples\Ex_EnvReflectAndRefract.h">
      <Filter>Examples</Filter>
    </ClInclude>
  </ItemGroup>
</Project>