<?xml version="1.0" encoding="utf-8"?>
<Project ToolsVersion="4.0" xmlns="http://schemas.microsoft.com/developer/msbuild/2003">
  <ItemGroup>
    <Filter Include="源文件">
      <UniqueIdentifier>{4FC737F1-C7A5-4376-A066-2A32D752A2FF}</UniqueIdentifier>
      <Extensions>cpp;c;cc;cxx;def;odl;idl;hpj;bat;asm;asmx</Extensions>
    </Filter>
    <Filter Include="头文件">
      <UniqueIdentifier>{93995380-89BD-4b04-88EB-625FBE52EBFB}</UniqueIdentifier>
      <Extensions>h;hh;hpp;hxx;hm;inl;inc;ipp;xsd</Extensions>
    </Filter>
    <Filter Include="资源文件">
      <UniqueIdentifier>{67DA6AB6-F800-4c08-8B7A-83BB121AAD01}</UniqueIdentifier>
      <Extensions>rc;ico;cur;bmp;dlg;rc2;rct;bin;rgs;gif;jpg;jpeg;jpe;resx;tiff;tif;png;wav;mfcribbon-ms</Extensions>
    </Filter>
    <Filter Include="Utils">
      <UniqueIdentifier>{42a13b6c-7570-4bb8-a200-844c9561c5fe}</UniqueIdentifier>
    </Filter>
    <Filter Include="Render">
      <UniqueIdentifier>{cb49bbbf-b097-498f-a4d1-8e1c3040573a}</UniqueIdentifier>
    </Filter>
    <Filter Include="Render\ShaderSources">
      <UniqueIdentifier>{28b6515c-b320-4af1-9b57-6c598398c653}</UniqueIdentifier>
    </Filter>
    <Filter Include="Base">
      <UniqueIdentifier>{1b880801-71dd-41fa-92f1-e2ee86d2be5c}</UniqueIdentifier>
    </Filter>
    <Filter Include="Examples">
      <UniqueIdentifier>{8e334036-f5e6-4f26-84e3-2db4f13e121c}</UniqueIdentifier>
    </Filter>
    <Filter Include="Tests">
      <UniqueIdentifier>{2fdae149-23a6-472b-81a3-23a74f6872b7}</UniqueIdentifier>
    </Filter>
  </ItemGroup>
  <ItemGroup>
    <ClCompile Include="main.cpp">
      <Filter>源文件</Filter>
    </ClCompile>
    <ClCompile Include="..\thirdpart\src\glad.c">
      <Filter>源文件</Filter>
    </ClCompile>
    <ClCompile Include="Render\Shader.cpp">
      <Filter>Render</Filter>
    </ClCompile>
    <ClCompile Include="Render\Renderer.cpp">
      <Filter>Render</Filter>
    </ClCompile>
    <ClCompile Include="Utils\LogUtil.cpp">
      <Filter>Utils</Filter>
    </ClCompile>
    <ClCompile Include="Examples\Triangle.cpp">
      <Filter>Examples</Filter>
    </ClCompile>
    <ClCompile Include="Utils\FileUtil.cpp">
      <Filter>Utils</Filter>
    </ClCompile>
    <ClCompile Include="Utils\InIReader.cpp">
      <Filter>Utils</Filter>
    </ClCompile>
    <ClCompile Include="Base\ProjetConfig.hpp">
      <Filter>Base</Filter>
    </ClCompile>
    <ClCompile Include="Examples\ColorTriangle.cpp">
      <Filter>Examples</Filter>
    </ClCompile>
    <ClCompile Include="Examples\Ex1_1.cpp">
      <Filter>Examples</Filter>
    </ClCompile>
    <ClCompile Include="Examples\Ex2_1.cpp">
      <Filter>Examples</Filter>
    </ClCompile>
    <ClCompile Include="Examples\TestLog.cpp">
      <Filter>Examples</Filter>
    </ClCompile>
    <ClCompile Include="Render\ShaderSources\ShaderSources.cpp">
      <Filter>Render\ShaderSources</Filter>
    </ClCompile>
    <ClCompile Include="Examples\Ex2_2.cpp">
      <Filter>Examples</Filter>
    </ClCompile>
  </ItemGroup>
  <ItemGroup>
    <None Include="README.MD" />
    <None Include="Render\ShaderSources\fragment_base.frag">
      <Filter>Render\ShaderSources</Filter>
    </None>
    <None Include="Render\ShaderSources\fragment_pcolor.frag">
      <Filter>Render\ShaderSources</Filter>
    </None>
    <None Include="Render\ShaderSources\vertex_base.vert">
      <Filter>Render\ShaderSources</Filter>
    </None>
    <None Include="Render\ShaderSources\vertex_pcolor.vert">
      <Filter>Render\ShaderSources</Filter>
    </None>
  </ItemGroup>
  <ItemGroup>
    <ClInclude Include="Render\Shader.h">
      <Filter>Render</Filter>
    </ClInclude>
    <ClInclude Include="Render\Renderer.h">
      <Filter>Render</Filter>
    </ClInclude>
    <ClInclude Include="Utils\LogUtil.h">
      <Filter>Utils</Filter>
    </ClInclude>
    <ClInclude Include="Base\Singleton.h">
      <Filter>Base</Filter>
    </ClInclude>
    <ClInclude Include="Examples\Triangle.h">
      <Filter>Examples</Filter>
    </ClInclude>
    <ClInclude Include="Utils\FileUtil.h">
      <Filter>Utils</Filter>
    </ClInclude>
    <ClInclude Include="CommonHeader.h">
      <Filter>头文件</Filter>
    </ClInclude>
    <ClInclude Include="Utils\InIReader.h">
      <Filter>Utils</Filter>
    </ClInclude>
    <ClInclude Include="Examples\ColorTriangle.h">
      <Filter>Examples</Filter>
    </ClInclude>
    <ClInclude Include="Macro.h">
      <Filter>头文件</Filter>
    </ClInclude>
    <ClInclude Include="Examples\Ex1_1.h">
      <Filter>Examples</Filter>
    </ClInclude>
    <ClInclude Include="Utils\GLEnvInfo.hpp">
      <Filter>Utils</Filter>
    </ClInclude>
    <ClInclude Include="GLEnvHeader.h">
      <Filter>头文件</Filter>
    </ClInclude>
    <ClInclude Include="Examples\Ex2_1.h">
      <Filter>Examples</Filter>
    </ClInclude>
    <ClInclude Include="Render\ShaderSources\ShaderSources.h">
      <Filter>Render\ShaderSources</Filter>
    </ClInclude>
    <ClInclude Include="Examples\Ex2_2.h">
      <Filter>Examples</Filter>
    </ClInclude>
  </ItemGroup>
</Project>